
Microsoft Visual Studio Solution File, Format Version 12.00
# Visual Studio Version 16
VisualStudioVersion = 16.0.30225.117
MinimumVisualStudioVersion = 10.0.40219.1
Project("{9A19103F-16F7-4668-BE54-9A1E7A4F7556}") = "DatingApp.API", "DatingApp.API.csproj", "{178135CE-2DFB-471B-AADF-DC7C8F7EBD32}"
EndProject
Global
	GlobalSection(SolutionConfigurationPlatforms) = preSolution
		Debug|Any CPU = Debug|Any CPU
		Release|Any CPU = Release|Any CPU
	EndGlobalSection
	GlobalSection(ProjectConfigurationPlatforms) = postSolution
		{178135CE-2DFB-471B-AADF-DC7C8F7EBD32}.Debug|Any CPU.ActiveCfg = Debug|Any CPU
		{178135CE-2DFB-471B-AADF-DC7C8F7EBD32}.Debug|Any CPU.Build.0 = Debug|Any CPU
		{178135CE-2DFB-471B-AADF-DC7C8F7EBD32}.Release|Any CPU.ActiveCfg = Release|Any CPU
		{178135CE-2DFB-471B-AADF-DC7C8F7EBD32}.Release|Any CPU.Build.0 = Release|Any CPU
	EndGlobalSection
	GlobalSection(SolutionProperties) = preSolution
		HideSolutionNode = FALSE
	EndGlobalSection
	GlobalSection(ExtensibilityGlobals) = postSolution
		SolutionGuid = {97197CED-E0CE-462D-A9CC-DCE813B423BD}
	EndGlobalSection
EndGlobal
